{
  "name": "@app/proxy",
  "version": "0.9.1",
  "lockfileVersion": 2,
  "requires": true,
  "packages": {
    "": {
      "name": "@app/proxy",
      "version": "0.9.1",
      "devDependencies": {
        "@types/node": "^14"
      },
      "engines": {
        "node": "14.x"
      }
    },
    "node_modules/@types/node": {
      "version": "14.17.27",
      "resolved": "https://registry.npmjs.org/@types/node/-/node-14.17.27.tgz",
      "integrity": "sha512-94+Ahf9IcaDuJTle/2b+wzvjmutxXAEXU6O81JHblYXUg2BDG+dnBy7VxIPHKAyEEDHzCMQydTJuWvrE+Aanzw==",
      "dev": true
    }
  },
  "dependencies": {
    "@types/node": {
      "version": "14.17.27",
      "resolved": "https://registry.npmjs.org/@types/node/-/node-14.17.27.tgz",
      "integrity": "sha512-94+Ahf9IcaDuJTle/2b+wzvjmutxXAEXU6O81JHblYXUg2BDG+dnBy7VxIPHKAyEEDHzCMQydTJuWvrE+Aanzw==",
      "dev": true
    }
  }
}
